
Microsoft Visual Studio Solution File, Format Version 12.00
# Visual Studio Version 16
VisualStudioVersion = 16.0.32428.217
MinimumVisualStudioVersion = 10.0.40219.1
Project("{FC65038C-1B2F-41E1-A629-BED71D161FF2}") = "NDinjectTests (ISV) [NDinjectTests]", "NDinjectTests\NDinjectTests.rnrproj", "{18FF67D2-4DD9-4458-8FC1-198492BE81B2}"
EndProject
Global
	GlobalSection(SolutionConfigurationPlatforms) = preSolution
		Debug|Any CPU = Debug|Any CPU
	EndGlobalSection
	GlobalSection(ProjectConfigurationPlatforms) = postSolution
		{18FF67D2-4DD9-4458-8FC1-198492BE81B2}.Debug|Any CPU.ActiveCfg = Debug|Any CPU
		{18FF67D2-4DD9-4458-8FC1-198492BE81B2}.Debug|Any CPU.Build.0 = Debug|Any CPU
	EndGlobalSection
	GlobalSection(SolutionProperties) = preSolution
		HideSolutionNode = FALSE
	EndGlobalSection
	GlobalSection(ExtensibilityGlobals) = postSolution
		SolutionGuid = {D2D2F390-BB77-4CDC-9794-3E05C7142342}
	EndGlobalSection
EndGlobal
